
Microsoft Visual Studio Solution File, Format Version 12.00
# Visual Studio Express 2013 for Windows Desktop
VisualStudioVersion = 12.0.21005.1
MinimumVisualStudioVersion = 10.0.40219.1
Project("{8BC9CEB8-8B4A-11D0-8D11-00A0C91BC942}") = "Engine", "Engine\Engine.vcxproj", "{315A3F8F-42F7-4E5C-8327-B13E24C29B6D}"
EndProject
Project("{8BC9CEB8-8B4A-11D0-8D11-00A0C91BC942}") = "DemoApp", "DemoApp\DemoApp.vcxproj", "{1A64C92D-6F65-4F0C-9288-5FCF0F74A298}"
	ProjectSection(ProjectDependencies) = postProject
		{315A3F8F-42F7-4E5C-8327-B13E24C29B6D} = {315A3F8F-42F7-4E5C-8327-B13E24C29B6D}
	EndProjectSection
EndProject
Global
	GlobalSection(SolutionConfigurationPlatforms) = preSolution
		Debug|Win32 = Debug|Win32
		Release|Win32 = Release|Win32
	EndGlobalSection
	GlobalSection(ProjectConfigurationPlatforms) = postSolution
		{315A3F8F-42F7-4E5C-8327-B13E24C29B6D}.Debug|Win32.ActiveCfg = Debug|Win32
		{315A3F8F-42F7-4E5C-8327-B13E24C29B6D}.Debug|Win32.Build.0 = Debug|Win32
		{315A3F8F-42F7-4E5C-8327-B13E24C29B6D}.Release|Win32.ActiveCfg = Release|Win32
		{315A3F8F-42F7-4E5C-8327-B13E24C29B6D}.Release|Win32.Build.0 = Release|Win32
		{1A64C92D-6F65-4F0C-9288-5FCF0F74A298}.Debug|Win32.ActiveCfg = Debug|Win32
		{1A64C92D-6F65-4F0C-9288-5FCF0F74A298}.Debug|Win32.Build.0 = Debug|Win32
		{1A64C92D-6F65-4F0C-9288-5FCF0F74A298}.Release|Win32.ActiveCfg = Release|Win32
		{1A64C92D-6F65-4F0C-9288-5FCF0F74A298}.Release|Win32.Build.0 = Release|Win32
	EndGlobalSection
	GlobalSection(SolutionProperties) = preSolution
		HideSolutionNode = FALSE
	EndGlobalSection
EndGlobal
